
Microsoft Visual Studio Solution File, Format Version 12.00
# Visual Studio 14
VisualStudioVersion = 14.0.25420.1
MinimumVisualStudioVersion = 10.0.40219.1
Project("{E24C65DC-7377-472B-9ABA-BC803B73C61A}") = "MyResumeWebsite(1)", ".", "{9334758A-623A-4F77-A477-455DCB2B5608}"
	ProjectSection(WebsiteProperties) = preProject
		TargetFrameworkMoniker = ".NETFramework,Version%3Dv4.6"
		Debug.AspNetCompiler.VirtualPath = "/localhost_56033"
		Debug.AspNetCompiler.PhysicalPath = "..\MyResumeWebsite\"
		Debug.AspNetCompiler.TargetPath = "PrecompiledWeb\localhost_56033\"
		Debug.AspNetCompiler.Updateable = "true"
		Debug.AspNetCompiler.ForceOverwrite = "true"
		Debug.AspNetCompiler.FixedNames = "false"
		Debug.AspNetCompiler.Debug = "True"
		Release.AspNetCompiler.VirtualPath = "/localhost_56033"
		Release.AspNetCompiler.PhysicalPath = "..\MyResumeWebsite\"
		Release.AspNetCompiler.TargetPath = "PrecompiledWeb\localhost_56033\"
		Release.AspNetCompiler.Updateable = "true"
		Release.AspNetCompiler.ForceOverwrite = "true"
		Release.AspNetCompiler.FixedNames = "false"
		Release.AspNetCompiler.Debug = "False"
		VWDPort = "56033"
		SlnRelativePath = "..\MyResumeWebsite\"
	EndProjectSection
EndProject
Global
	GlobalSection(SolutionConfigurationPlatforms) = preSolution
		Debug|Any CPU = Debug|Any CPU
	EndGlobalSection
	GlobalSection(ProjectConfigurationPlatforms) = postSolution
		{9334758A-623A-4F77-A477-455DCB2B5608}.Debug|Any CPU.ActiveCfg = Debug|Any CPU
		{9334758A-623A-4F77-A477-455DCB2B5608}.Debug|Any CPU.Build.0 = Debug|Any CPU
	EndGlobalSection
	GlobalSection(SolutionProperties) = preSolution
		HideSolutionNode = FALSE
	EndGlobalSection
EndGlobal
